# @generated - this file is auto-generated by `mise lock` https://mise.en.dev/dev-tools/mise-lock.html

[[tools."aqua:budimanjojo/talhelper"]]
version = "3.1.17"
backend = "aqua:budimanjojo/talhelper"

[tools."aqua:budimanjojo/talhelper"."platforms.linux-arm64"]
checksum = "sha256:1841915ec6f533ef653baedc5f1cbf68683e0ca9a72f240ac2f257d94f68798b"
url = "https://github.com/budimanjojo/talhelper/releases/download/v3.1.17/talhelper_linux_arm64.tar.gz"
url_api = "https://api.github.com/repos/budimanjojo/talhelper/releases/assets/530086688"

[tools."aqua:budimanjojo/talhelper"."platforms.linux-x64"]
checksum = "sha256:dff9162569004637b6a842c4020d909b0ffbc7fbbe2fca23a754708db95be204"
url = "https://github.com/budimanjojo/talhelper/releases/download/v3.1.17/talhelper_linux_amd64.tar.gz"
url_api = "https://api.github.com/repos/budimanjojo/talhelper/releases/assets/530086690"

[tools."aqua:budimanjojo/talhelper"."platforms.macos-arm64"]
checksum = "sha256:cf86526d730010193d3e858f13242e5f0c94fdcefe5e001716c552211b1e95b0"
url = "https://github.com/budimanjojo/talhelper/releases/download/v3.1.17/talhelper_darwin_arm64.tar.gz"
url_api = "https://api.github.com/repos/budimanjojo/talhelper/releases/assets/530086691"

[[tools."aqua:casey/just"]]
version = "1.58.0"
backend = "aqua:casey/just"

[tools."aqua:casey/just"."platforms.linux-arm64"]
checksum = "sha256:748237128c4c40cbdabc65e841d05ceba13cc23a91eaba395495894c1d9764df"
url = "https://github.com/casey/just/releases/download/1.58.0/just-1.58.0-aarch64-unknown-linux-musl.tar.gz"
url_api = "https://api.github.com/repos/casey/just/releases/assets/500510099"

[tools."aqua:casey/just"."platforms.linux-x64"]
checksum = "sha256:4a5cc2f53e6f0f8c59092a6cc38291eb729d46a7dd95d3ae582008881b84931d"
url = "https://github.com/casey/just/releases/download/1.58.0/just-1.58.0-x86_64-unknown-linux-musl.tar.gz"
url_api = "https://api.github.com/repos/casey/just/releases/assets/500509978"

[tools."aqua:casey/just"."platforms.macos-arm64"]
checksum = "sha256:50ae3e996c974a0bf32ea7d10f495070df33f1b43e0616b2769e3d4821ed8f48"
url = "https://github.com/casey/just/releases/download/1.58.0/just-1.58.0-aarch64-apple-darwin.tar.gz"
url_api = "https://api.github.com/repos/casey/just/releases/assets/500509965"

[[tools."aqua:charmbracelet/gum"]]
version = "0.17.0"
backend = "aqua:charmbracelet/gum"

[tools."aqua:charmbracelet/gum"."platforms.linux-arm64"]
checksum = "sha256:b0b9ed95cbf7c8b7073f17b9591811f5c001e33c7cfd066ca83ce8a07c576f9c"
url = "https://github.com/charmbracelet/gum/releases/download/v0.17.0/gum_0.17.0_Linux_arm64.tar.gz"

[tools."aqua:charmbracelet/gum"."platforms.linux-x64"]
checksum = "sha256:69ee169bd6387331928864e94d47ed01ef649fbfe875baed1bbf27b5377a6fdb"
url = "https://github.com/charmbracelet/gum/releases/download/v0.17.0/gum_0.17.0_Linux_x86_64.tar.gz"

[tools."aqua:charmbracelet/gum"."platforms.macos-arm64"]
checksum = "sha256:e2a4b8596efa05821d8c58d0c1afbcd7ad1699ba69c689cc3ff23a4a99c8b237"
url = "https://github.com/charmbracelet/gum/releases/download/v0.17.0/gum_0.17.0_Darwin_arm64.tar.gz"

[[tools."aqua:cli/cli"]]
version = "2.98.0"
backend = "aqua:cli/cli"

[tools."aqua:cli/cli"."platforms.linux-arm64"]
checksum = "sha256:cf689084f3a3618f7eae4a2420d335d74626d65f5e594b9828d125d69f800d86"
url = "https://github.com/cli/cli/releases/download/v2.98.0/gh_2.98.0_linux_arm64.tar.gz"
url_api = "https://api.github.com/repos/cli/cli/releases/assets/522857902"
provenance = "github-attestations"

[tools."aqua:cli/cli"."platforms.linux-x64"]
checksum = "sha256:3b8ac6b30336802fc1a858d7c084e11cdf24ac1a761ca90b68022d7d729208de"
url = "https://github.com/cli/cli/releases/download/v2.98.0/gh_2.98.0_linux_amd64.tar.gz"
url_api = "https://api.github.com/repos/cli/cli/releases/assets/522857901"
provenance = "github-attestations"

[tools."aqua:cli/cli"."platforms.macos-arm64"]
checksum = "sha256:8cfb027cc5310675f2b830eac8f9865c1155a45ffcf9757f699fdd5a22046ca4"
url = "https://github.com/cli/cli/releases/download/v2.98.0/gh_2.98.0_macOS_arm64.zip"
url_api = "https://api.github.com/repos/cli/cli/releases/assets/522857972"
provenance = "github-attestations"

[[tools."aqua:cloudflare/cloudflared"]]
version = "2026.8.2"
backend = "aqua:cloudflare/cloudflared"

[tools."aqua:cloudflare/cloudflared"."platforms.linux-arm64"]
checksum = "sha256:7747d94570fb390cf47dcb4f9555c193c6355cda9793f0d878d9049e5d6a7790"
url = "https://github.com/cloudflare/cloudflared/releases/download/2026.8.2/cloudflared-linux-arm64"
url_api = "https://api.github.com/repos/cloudflare/cloudflared/releases/assets/514390092"

[tools."aqua:cloudflare/cloudflared"."platforms.linux-x64"]
checksum = "sha256:fcfb02b575a52ca1af2e3267af4e1517bcdeb30ac48c834c69abaed3c0576ad2"
url = "https://github.com/cloudflare/cloudflared/releases/download/2026.8.2/cloudflared-linux-amd64"
url_api = "https://api.github.com/repos/cloudflare/cloudflared/releases/assets/514389937"

[tools."aqua:cloudflare/cloudflared"."platforms.macos-arm64"]
checksum = "sha256:9042c2c5d8b2de78e60f313d5fb31b6c5c1cebde787a3caf1f2c9588084ac442"
url = "https://github.com/cloudflare/cloudflared/releases/download/2026.8.2/cloudflared-darwin-arm64.tgz"
url_api = "https://api.github.com/repos/cloudflare/cloudflared/releases/assets/514389484"

[[tools."aqua:cue-lang/cue"]]
version = "0.17.1"
backend = "aqua:cue-lang/cue"

[tools."aqua:cue-lang/cue"."platforms.linux-arm64"]
checksum = "sha256:0d729be30d52c952ca38fc9dcb692caa09d8463fa0b64df5781312779183fbcd"
url = "https://github.com/cue-lang/cue/releases/download/v0.17.1/cue_v0.17.1_linux_arm64.tar.gz"
url_api = "https://api.github.com/repos/cue-lang/cue/releases/assets/479014345"

[tools."aqua:cue-lang/cue"."platforms.linux-x64"]
checksum = "sha256:a39b0c97695069d95d276d99be0f5dbabb081d801bfdc9ba49b76efaf94e2369"
url = "https://github.com/cue-lang/cue/releases/download/v0.17.1/cue_v0.17.1_linux_amd64.tar.gz"
url_api = "https://api.github.com/repos/cue-lang/cue/releases/assets/479014346"

[tools."aqua:cue-lang/cue"."platforms.macos-arm64"]
checksum = "sha256:64921403f012a97f89494c03605db2fbf7d9daa77dc2631819ac4406cb2e8074"
url = "https://github.com/cue-lang/cue/releases/download/v0.17.1/cue_v0.17.1_darwin_arm64.tar.gz"
url_api = "https://api.github.com/repos/cue-lang/cue/releases/assets/479014347"

[[tools."aqua:editorconfig-checker/editorconfig-checker"]]
version = "3.11.2"
backend = "aqua:editorconfig-checker/editorconfig-checker"

[tools."aqua:editorconfig-checker/editorconfig-checker"."platforms.linux-arm64"]
checksum = "sha256:7c61c94a67658bff62467453c3d7d9a98d57139728d27e545e9d3e3688fc9ca6"
url = "https://github.com/editorconfig-checker/editorconfig-checker/releases/download/v3.11.2/ec-linux-arm64.tar.gz"
url_api = "https://api.github.com/repos/editorconfig-checker/editorconfig-checker/releases/assets/529790774"

[tools."aqua:editorconfig-checker/editorconfig-checker"."platforms.linux-x64"]
checksum = "sha256:bc815e5b3b1891a0ee9e1242fe3475312655f8b0f4c4a79510be0a009294571a"
url = "https://github.com/editorconfig-checker/editorconfig-checker/releases/download/v3.11.2/ec-linux-amd64.tar.gz"
url_api = "https://api.github.com/repos/editorconfig-checker/editorconfig-checker/releases/assets/529790765"

[tools."aqua:editorconfig-checker/editorconfig-checker"."platforms.macos-arm64"]
checksum = "sha256:9ed40abdc3051c1b76c9557cd58c66ab1784728242dbd9c40cfffe1528195ab2"
url = "https://github.com/editorconfig-checker/editorconfig-checker/releases/download/v3.11.2/ec-darwin-arm64.tar.gz"
url_api = "https://api.github.com/repos/editorconfig-checker/editorconfig-checker/releases/assets/529790802"

[[tools."aqua:evilmartians/lefthook"]]
version = "2.1.12"
backend = "aqua:evilmartians/lefthook"

[tools."aqua:evilmartians/lefthook"."platforms.linux-arm64"]
checksum = "sha256:d96ac16753f6d3d69b92098621c2a2427522a9c2c3e78cd7c9b4a9790b0b8f17"
url = "https://github.com/evilmartians/lefthook/releases/download/v2.1.12/lefthook_2.1.12_Linux_aarch64.gz"
url_api = "https://api.github.com/repos/evilmartians/lefthook/releases/assets/533627819"
provenance = "github-attestations"

[tools."aqua:evilmartians/lefthook"."platforms.linux-x64"]
checksum = "sha256:dad908593c859d139b886c14913a44401d95288aa7642d9bdf6f3bd36bd788ff"
url = "https://github.com/evilmartians/lefthook/releases/download/v2.1.12/lefthook_2.1.12_Linux_x86_64.gz"
url_api = "https://api.github.com/repos/evilmartians/lefthook/releases/assets/533627780"
provenance = "github-attestations"

[tools."aqua:evilmartians/lefthook"."platforms.macos-arm64"]
checksum = "sha256:f23eac328ca50c7b775dc24dc275cdeacb65e16cf8bd1745d18e3c563f704f94"
url = "https://github.com/evilmartians/lefthook/releases/download/v2.1.12/lefthook_2.1.12_MacOS_arm64.gz"
url_api = "https://api.github.com/repos/evilmartians/lefthook/releases/assets/533627758"
provenance = "github-attestations"

[[tools."aqua:fluxcd/flux2"]]
version = "2.9.4"
backend = "aqua:fluxcd/flux2"

[tools."aqua:fluxcd/flux2"."platforms.linux-arm64"]
checksum = "sha256:dcab945f8d8658662fa1db93e150a602ba1f91da367a82e099bd65595fc7c62c"
url = "https://github.com/fluxcd/flux2/releases/download/v2.9.4/flux_2.9.4_linux_arm64.tar.gz"
url_api = "https://api.github.com/repos/fluxcd/flux2/releases/assets/505259828"

[tools."aqua:fluxcd/flux2"."platforms.linux-arm64".provenance.slsa]
url = "https://github.com/fluxcd/flux2/releases/download/v2.9.4/provenance.intoto.jsonl"

[tools."aqua:fluxcd/flux2"."platforms.linux-x64"]
checksum = "sha256:c2c397a52930f52d2005c01d276116b059d062de379386d58e98115380a766a2"
url = "https://github.com/fluxcd/flux2/releases/download/v2.9.4/flux_2.9.4_linux_amd64.tar.gz"
url_api = "https://api.github.com/repos/fluxcd/flux2/releases/assets/505259827"

[tools."aqua:fluxcd/flux2"."platforms.linux-x64".provenance.slsa]
url = "https://github.com/fluxcd/flux2/releases/download/v2.9.4/provenance.intoto.jsonl"

[tools."aqua:fluxcd/flux2"."platforms.macos-arm64"]
checksum = "sha256:5350675411f1c8c20fb7fd827450933e939f7ab82a2cd92f8fa2abe497761911"
url = "https://github.com/fluxcd/flux2/releases/download/v2.9.4/flux_2.9.4_darwin_arm64.tar.gz"
url_api = "https://api.github.com/repos/fluxcd/flux2/releases/assets/505259822"

[tools."aqua:fluxcd/flux2"."platforms.macos-arm64".provenance.slsa]
url = "https://github.com/fluxcd/flux2/releases/download/v2.9.4/provenance.intoto.jsonl"

[[tools."aqua:google/yamlfmt"]]
version = "0.21.0"
backend = "aqua:google/yamlfmt"

[tools."aqua:google/yamlfmt"."platforms.linux-arm64"]
checksum = "sha256:5b2689c963b177271330c5ce8ca7396751107e5a826be46f03d2cb9b6f0c7784"
url = "https://github.com/google/yamlfmt/releases/download/v0.21.0/yamlfmt_0.21.0_Linux_arm64.tar.gz"

[tools."aqua:google/yamlfmt"."platforms.linux-x64"]
checksum = "sha256:1f300d9257b232bb3b541d7fb1b0e6b3c121bcbab381c86cd38cb8722be8a566"
url = "https://github.com/google/yamlfmt/releases/download/v0.21.0/yamlfmt_0.21.0_Linux_x86_64.tar.gz"

[tools."aqua:google/yamlfmt"."platforms.macos-arm64"]
checksum = "sha256:4b417ecb94339d57e4c122ecc948c1a00fe328b5853266de9806e652a92858fa"
url = "https://github.com/google/yamlfmt/releases/download/v0.21.0/yamlfmt_0.21.0_Darwin_arm64.tar.gz"

[[tools."aqua:helm/helm"]]
version = "4.2.4"
backend = "aqua:helm/helm"

[tools."aqua:helm/helm"."platforms.linux-arm64"]
checksum = "sha256:564de2191b881e9f71b5606b25345821ea1682f06ab90499d3ab22b530176da1"
url = "https://get.helm.sh/helm-v4.2.4-linux-arm64.tar.gz"

[tools."aqua:helm/helm"."platforms.linux-x64"]
checksum = "sha256:c306b46f719b0a4da32d0f78ee21bf90ce8d602f15b22ab753f0674d1670a7f3"
url = "https://get.helm.sh/helm-v4.2.4-linux-amd64.tar.gz"

[tools."aqua:helm/helm"."platforms.macos-arm64"]
checksum = "sha256:d747eb4e28bd2727173d15b759fa0a17822291ec09db7ced3d55af290a3661a2"
url = "https://get.helm.sh/helm-v4.2.4-darwin-arm64.tar.gz"

[[tools."aqua:helmfile/helmfile"]]
version = "1.7.4"
backend = "aqua:helmfile/helmfile"

[tools."aqua:helmfile/helmfile"."platforms.linux-arm64"]
checksum = "sha256:0292f57a4638a21e775b0ce8bde37ee3fdd65dbbdbe0e5b9a06718f1dd04c7fa"
url = "https://github.com/helmfile/helmfile/releases/download/v1.7.4/helmfile_1.7.4_linux_arm64.tar.gz"
url_api = "https://api.github.com/repos/helmfile/helmfile/releases/assets/516813268"

[tools."aqua:helmfile/helmfile"."platforms.linux-x64"]
checksum = "sha256:f96ef0a015df06b29d7f38bf0ca08821018ae25eb96bf2c7abd3affa1b84e112"
url = "https://github.com/helmfile/helmfile/releases/download/v1.7.4/helmfile_1.7.4_linux_amd64.tar.gz"
url_api = "https://api.github.com/repos/helmfile/helmfile/releases/assets/516813296"

[tools."aqua:helmfile/helmfile"."platforms.macos-arm64"]
checksum = "sha256:e1490d371fecc1f2d9aae914ef34058f3cb2363c9ee63350b37a85c3994d71d9"
url = "https://github.com/helmfile/helmfile/releases/download/v1.7.4/helmfile_1.7.4_darwin_arm64.tar.gz"
url_api = "https://api.github.com/repos/helmfile/helmfile/releases/assets/516813297"

[[tools."aqua:helmfile/vals"]]
version = "0.44.0"
backend = "aqua:helmfile/vals"

[tools."aqua:helmfile/vals"."platforms.linux-arm64"]
checksum = "sha256:18d55294e92452f61cf6fcf6cca53bb51a66d8b860696666f44635964b3e5e40"
url = "https://github.com/helmfile/vals/releases/download/v0.44.0/vals_0.44.0_linux_arm64.tar.gz"

[tools."aqua:helmfile/vals"."platforms.linux-x64"]
checksum = "sha256:728e9195fa2170e1e5c7ed7ca0e2e41fe1e910507a812f23fb579c68d6ef3678"
url = "https://github.com/helmfile/vals/releases/download/v0.44.0/vals_0.44.0_linux_amd64.tar.gz"

[tools."aqua:helmfile/vals"."platforms.macos-arm64"]
checksum = "sha256:2d9b995d2b6325c7a6a1e124937293eec0dc56fd4a5bab785c69c2e48b52393e"
url = "https://github.com/helmfile/vals/releases/download/v0.44.0/vals_0.44.0_darwin_arm64.tar.gz"

[[tools."aqua:jqlang/jq"]]
version = "1.7.1"
backend = "aqua:jqlang/jq"

[tools."aqua:jqlang/jq"."platforms.linux-arm64"]
checksum = "sha256:4dd2d8a0661df0b22f1bb9a1f9830f06b6f3b8f7d91211a1ef5d7c4f06a8b4a5"
url = "https://github.com/jqlang/jq/releases/download/jq-1.7.1/jq-linux-arm64"

[tools."aqua:jqlang/jq"."platforms.linux-x64"]
checksum = "sha256:5942c9b0934e510ee61eb3e30273f1b3fe2590df93933a93d7c58b81d19c8ff5"
url = "https://github.com/jqlang/jq/releases/download/jq-1.7.1/jq-linux-amd64"

[tools."aqua:jqlang/jq"."platforms.macos-arm64"]
checksum = "sha256:0bbe619e663e0de2c550be2fe0d240d076799d6f8a652b70fa04aea8a8362e8a"
url = "https://github.com/jqlang/jq/releases/download/jq-1.7.1/jq-macos-arm64"

[[tools."aqua:koalaman/shellcheck"]]
version = "0.11.0"
backend = "aqua:koalaman/shellcheck"

[tools."aqua:koalaman/shellcheck"."platforms.linux-arm64"]
checksum = "sha256:12b331c1d2db6b9eb13cfca64306b1b157a86eb69db83023e261eaa7e7c14588"
url = "https://github.com/koalaman/shellcheck/releases/download/v0.11.0/shellcheck-v0.11.0.linux.aarch64.tar.xz"

[tools."aqua:koalaman/shellcheck"."platforms.linux-x64"]
checksum = "sha256:8c3be12b05d5c177a04c29e3c78ce89ac86f1595681cab149b65b97c4e227198"
url = "https://github.com/koalaman/shellcheck/releases/download/v0.11.0/shellcheck-v0.11.0.linux.x86_64.tar.xz"

[tools."aqua:koalaman/shellcheck"."platforms.macos-arm64"]
checksum = "sha256:56affdd8de5527894dca6dc3d7e0a99a873b0f004d7aabc30ae407d3f48b0a79"
url = "https://github.com/koalaman/shellcheck/releases/download/v0.11.0/shellcheck-v0.11.0.darwin.aarch64.tar.xz"

[[tools."aqua:kubernetes-sigs/kustomize"]]
version = "5.6.0"
backend = "aqua:kubernetes-sigs/kustomize"

[tools."aqua:kubernetes-sigs/kustomize"."platforms.linux-arm64"]
url = "https://github.com/kubernetes-sigs/kustomize/releases/download/kustomize/v5.6.0/kustomize_v5.6.0_linux_arm64.tar.gz"
url_api = "https://api.github.com/repos/kubernetes-sigs/kustomize/releases/assets/220363321"

[tools."aqua:kubernetes-sigs/kustomize"."platforms.linux-x64"]
url = "https://github.com/kubernetes-sigs/kustomize/releases/download/kustomize/v5.6.0/kustomize_v5.6.0_linux_amd64.tar.gz"
url_api = "https://api.github.com/repos/kubernetes-sigs/kustomize/releases/assets/220363320"

[tools."aqua:kubernetes-sigs/kustomize"."platforms.macos-arm64"]
url = "https://github.com/kubernetes-sigs/kustomize/releases/download/kustomize/v5.6.0/kustomize_v5.6.0_darwin_arm64.tar.gz"
url_api = "https://api.github.com/repos/kubernetes-sigs/kustomize/releases/assets/220363317"

[[tools."aqua:kubernetes/kubernetes/kubectl"]]
version = "1.37.0"
backend = "aqua:kubernetes/kubernetes/kubectl"

[tools."aqua:kubernetes/kubernetes/kubectl"."platforms.linux-arm64"]
checksum = "sha256:922df28df248cc00a9e025f947704f1d1482de64ece54cfe57e61f19eaf1eef3"
url = "https://dl.k8s.io/v1.37.0/bin/linux/arm64/kubectl"

[tools."aqua:kubernetes/kubernetes/kubectl"."platforms.linux-x64"]
checksum = "sha256:6129359f4e1f3848a5572ccb0b26cf28b8ca08cef38c95a765b2f64a2c961a2f"
url = "https://dl.k8s.io/v1.37.0/bin/linux/amd64/kubectl"

[tools."aqua:kubernetes/kubernetes/kubectl"."platforms.macos-arm64"]
checksum = "sha256:583beedaebe422e71d3f1a96acef8b1fef86ea2f09a45ad01aa6c9ce287c1380"
url = "https://dl.k8s.io/v1.37.0/bin/darwin/arm64/kubectl"

[[tools."aqua:mikefarah/yq"]]
version = "4.53.6"
backend = "aqua:mikefarah/yq"

[tools."aqua:mikefarah/yq"."platforms.linux-arm64"]
checksum = "sha256:88a1016bc1d657375a35864e4f44b6f333df8ff97b559f51bba0adcb2169df09"
url = "https://github.com/mikefarah/yq/releases/download/v4.53.6/yq_linux_arm64"
url_api = "https://api.github.com/repos/mikefarah/yq/releases/assets/522028007"
provenance = "cosign"

[tools."aqua:mikefarah/yq"."platforms.linux-x64"]
checksum = "sha256:c5f056448f973ae7d39b5401949648a78f2dc1947d6a8eb65be60d5c504b9385"
url = "https://github.com/mikefarah/yq/releases/download/v4.53.6/yq_linux_amd64"
url_api = "https://api.github.com/repos/mikefarah/yq/releases/assets/522028022"
provenance = "cosign"

[tools."aqua:mikefarah/yq"."platforms.macos-arm64"]
checksum = "sha256:cceb0b8d71ea5294334121f8429f33f92b920e7217d904a2f9f35443968ac424"
url = "https://github.com/mikefarah/yq/releases/download/v4.53.6/yq_darwin_arm64"
url_api = "https://api.github.com/repos/mikefarah/yq/releases/assets/522028033"
provenance = "cosign"

[[tools."aqua:mitsuhiko/minijinja"]]
version = "2.18.0"
backend = "aqua:mitsuhiko/minijinja"

[tools."aqua:mitsuhiko/minijinja"."platforms.linux-arm64"]
checksum = "sha256:613b1f7cf6d79761e856948b89323979d0578b4fd10b64d8ad26da7b2db83c81"
url = "https://github.com/mitsuhiko/minijinja/releases/download/2.18.0/minijinja-cli-aarch64-unknown-linux-musl.tar.xz"

[tools."aqua:mitsuhiko/minijinja"."platforms.linux-x64"]
checksum = "sha256:0a5bc526a6b07c8abbd893c9bac39496abd38c56853c9c5fe9aeae504778dc60"
url = "https://github.com/mitsuhiko/minijinja/releases/download/2.18.0/minijinja-cli-x86_64-unknown-linux-musl.tar.xz"

[tools."aqua:mitsuhiko/minijinja"."platforms.macos-arm64"]
checksum = "sha256:65b441b161b04d0e8febf121f39eb9d9bdde27d8eff1ccd755020a589f5d03c2"
url = "https://github.com/mitsuhiko/minijinja/releases/download/2.18.0/minijinja-cli-aarch64-apple-darwin.tar.xz"

[[tools."aqua:rhysd/actionlint"]]
version = "1.7.11"
backend = "aqua:rhysd/actionlint"

[tools."aqua:rhysd/actionlint"."platforms.linux-arm64"]
checksum = "sha256:21bc0dfb57a913fe175298c2a9e906ee630f747cb66d0a934d0d4b69f4ee1235"
url = "https://github.com/rhysd/actionlint/releases/download/v1.7.11/actionlint_1.7.11_linux_arm64.tar.gz"
provenance = "github-attestations"

[tools."aqua:rhysd/actionlint"."platforms.linux-x64"]
checksum = "sha256:900919a84f2229bac68ca9cd4103ea297abc35e9689ebb842c6e34a3d1b01b0a"
url = "https://github.com/rhysd/actionlint/releases/download/v1.7.11/actionlint_1.7.11_linux_amd64.tar.gz"
provenance = "github-attestations"

[tools."aqua:rhysd/actionlint"."platforms.macos-arm64"]
checksum = "sha256:a21ba7366d8329e7223faee0ed69eb13da27fe8acabb356bb7eb0b7f1e1cb6d8"
url = "https://github.com/rhysd/actionlint/releases/download/v1.7.11/actionlint_1.7.11_darwin_arm64.tar.gz"
provenance = "github-attestations"

[[tools."aqua:siderolabs/talos"]]
version = "1.13.9"
backend = "aqua:siderolabs/talos"

[tools."aqua:siderolabs/talos"."platforms.linux-arm64"]
checksum = "sha256:51caed158eda73d2888cbf2df2d67551f9c9f8229aa42d3725e481d073e76f0b"
url = "https://github.com/siderolabs/talos/releases/download/v1.13.9/talosctl-linux-arm64"
url_api = "https://api.github.com/repos/siderolabs/talos/releases/assets/520547649"
provenance = "cosign"

[tools."aqua:siderolabs/talos"."platforms.linux-x64"]
checksum = "sha256:7e1d4b7d5846964bdcf63a794e3c8161bb6ef2983d5ace58ea5322f3bf32a27e"
url = "https://github.com/siderolabs/talos/releases/download/v1.13.9/talosctl-linux-amd64"
url_api = "https://api.github.com/repos/siderolabs/talos/releases/assets/520547641"
provenance = "cosign"

[tools."aqua:siderolabs/talos"."platforms.macos-arm64"]
checksum = "sha256:ab4c27a959ff6c52f62c6cc2af07b22ca86ed27f1a138ed57582fa67f7b50f98"
url = "https://github.com/siderolabs/talos/releases/download/v1.13.9/talosctl-darwin-arm64"
url_api = "https://api.github.com/repos/siderolabs/talos/releases/assets/520547612"
provenance = "cosign"

[[tools."aqua:yannh/kubeconform"]]
version = "0.8.0"
backend = "aqua:yannh/kubeconform"

[tools."aqua:yannh/kubeconform"."platforms.linux-arm64"]
checksum = "sha256:1f53fc8e81258197a35e8603054162a5af1de8c5af13746c71ab680d9534ed87"
url = "https://github.com/yannh/kubeconform/releases/download/v0.8.0/kubeconform-linux-arm64.tar.gz"

[tools."aqua:yannh/kubeconform"."platforms.linux-x64"]
checksum = "sha256:9bc2bffbf71f261128533edaf912153948b7ff238f9a531ae6d34466ec287883"
url = "https://github.com/yannh/kubeconform/releases/download/v0.8.0/kubeconform-linux-amd64.tar.gz"

[tools."aqua:yannh/kubeconform"."platforms.macos-arm64"]
checksum = "sha256:f84f4dfbebf4a6b0b230385fa065a39ea35e02608c2b50d025dcf64775a69d67"
url = "https://github.com/yannh/kubeconform/releases/download/v0.8.0/kubeconform-darwin-arm64.tar.gz"

[[tools."aqua:zizmorcore/zizmor"]]
version = "1.29.0"
backend = "aqua:zizmorcore/zizmor"

[tools."aqua:zizmorcore/zizmor"."platforms.linux-arm64"]
checksum = "sha256:415eaa7c0a06479a701b8e44a3e812c1047decc848ec4bede7bd6bbf49f22d20"
url = "https://github.com/zizmorcore/zizmor/releases/download/v1.29.0/zizmor-aarch64-unknown-linux-gnu.tar.gz"
url_api = "https://api.github.com/repos/zizmorcore/zizmor/releases/assets/498263143"
provenance = "github-attestations"

[tools."aqua:zizmorcore/zizmor"."platforms.linux-x64"]
checksum = "sha256:dd96df044a6e8538d5f423790f453bdd03d49e5b2bcc38214acc41a2f1297839"
url = "https://github.com/zizmorcore/zizmor/releases/download/v1.29.0/zizmor-x86_64-unknown-linux-gnu.tar.gz"
url_api = "https://api.github.com/repos/zizmorcore/zizmor/releases/assets/498263145"
provenance = "github-attestations"

[tools."aqua:zizmorcore/zizmor"."platforms.macos-arm64"]
checksum = "sha256:720322fade9e83a9c7953944c438f2ba942636b86b96a8f0e6b15ce94c8a6b6f"
url = "https://github.com/zizmorcore/zizmor/releases/download/v1.29.0/zizmor-aarch64-apple-darwin.tar.gz"
url_api = "https://api.github.com/repos/zizmorcore/zizmor/releases/assets/498263141"
provenance = "github-attestations"

[[tools."github:home-operations/flate"]]
version = "0.4.10"
backend = "github:home-operations/flate"

[tools."github:home-operations/flate"."platforms.linux-arm64"]
checksum = "sha256:c2b1e8587b9a7fef53e3b16879e3b860f87797b5623916bfbf196c6aca79cae2"
url = "https://github.com/home-operations/flate/releases/download/v0.4.10/flate_0.4.10_linux_arm64.tar.gz"
url_api = "https://api.github.com/repos/home-operations/flate/releases/assets/459865882"

[tools."github:home-operations/flate"."platforms.linux-x64"]
checksum = "sha256:f76f67949ed55637658faf54c17dd04babefb3cc2e7cad1ddd6c4d2c58fa107b"
url = "https://github.com/home-operations/flate/releases/download/v0.4.10/flate_0.4.10_linux_amd64.tar.gz"
url_api = "https://api.github.com/repos/home-operations/flate/releases/assets/459865881"

[tools."github:home-operations/flate"."platforms.macos-arm64"]
checksum = "sha256:4e08cdf96c0812fba1eba50bc6357f1905b9d6eed2268a0ae0e168d206e741ba"
url = "https://github.com/home-operations/flate/releases/download/v0.4.10/flate_0.4.10_darwin_arm64.tar.gz"
url_api = "https://api.github.com/repos/home-operations/flate/releases/assets/459865879"

[[tools."github:home-operations/yayamlls"]]
version = "0.1.10"
backend = "github:home-operations/yayamlls"

[tools."github:home-operations/yayamlls"."platforms.linux-arm64"]
checksum = "sha256:f67c9a2b51cc6872fa307809f6ee83293594a11cb048e5e9da4aab07130ed444"
url = "https://github.com/home-operations/yayamlls/releases/download/0.1.10/yayamlls_0.1.10_linux_arm64.tar.gz"
url_api = "https://api.github.com/repos/home-operations/yayamlls/releases/assets/453891485"

[tools."github:home-operations/yayamlls"."platforms.linux-x64"]
checksum = "sha256:9078ea741ed739862e60f7cb3c1bcc8d2d6355434961e2a785979df4818dd467"
url = "https://github.com/home-operations/yayamlls/releases/download/0.1.10/yayamlls_0.1.10_linux_amd64.tar.gz"
url_api = "https://api.github.com/repos/home-operations/yayamlls/releases/assets/453891484"

[tools."github:home-operations/yayamlls"."platforms.macos-arm64"]
checksum = "sha256:2c22be8185088bcb5c54f46e837aa6ef5491d9c956e9a240ad124a6deaa6b738"
url = "https://github.com/home-operations/yayamlls/releases/download/0.1.10/yayamlls_0.1.10_darwin_arm64.tar.gz"
url_api = "https://api.github.com/repos/home-operations/yayamlls/releases/assets/453891482"

[[tools.node]]
version = "24.20.0"
backend = "core:node"

[tools.node."platforms.linux-arm64"]
checksum = "sha256:3515603e2487879a39bc75716f1a2affd027500c64ba50e845cf72cb33219013"
url = "https://nodejs.org/dist/v24.20.0/node-v24.20.0-linux-arm64.tar.gz"

[tools.node."platforms.linux-x64"]
checksum = "sha256:855d581f8a4eb1a8117e3426de25fe02770592febcfb31369aee1ffbfee9e8ec"
url = "https://nodejs.org/dist/v24.20.0/node-v24.20.0-linux-x64.tar.gz"

[tools.node."platforms.macos-arm64"]
checksum = "sha256:40e5607e5ecb3db9192723776da2d75d966260fc74a7a9e731c1bd67dda96bc8"
url = "https://nodejs.org/dist/v24.20.0/node-v24.20.0-darwin-arm64.tar.gz"

[[tools."npm:markdownlint-cli"]]
version = "0.49.1"
backend = "npm:markdownlint-cli"

[[tools."npm:prettier"]]
version = "3.9.6"
backend = "npm:prettier"

[[tools."pipx:codespell"]]
version = "2.4.3"
backend = "pipx:codespell"

[[tools."pipx:yamllint"]]
version = "1.38.0"
backend = "pipx:yamllint"

[[tools.python]]
version = "3.14.7"
backend = "core:python"

[tools.python."platforms.linux-arm64"]
checksum = "sha256:4dba8d7e06199f841a9d6b54e4eb58d446a5c20c65085a916190dd0162c6e93b"
url = "https://github.com/astral-sh/python-build-standalone/releases/download/20260807/cpython-3.14.7+20260807-aarch64-unknown-linux-gnu-install_only_stripped.tar.gz"
provenance = "github-attestations"

[tools.python."platforms.linux-x64"]
checksum = "sha256:a2478d654ed51d443bae21ec20ad927f116b4f5aae4094ab74918a6aa38f0575"
url = "https://github.com/astral-sh/python-build-standalone/releases/download/20260807/cpython-3.14.7+20260807-x86_64-unknown-linux-gnu-install_only_stripped.tar.gz"
provenance = "github-attestations"

[tools.python."platforms.macos-arm64"]
checksum = "sha256:532645be202d3df8510ab318ca5faed92060a694c8327144e14fa81f31af0f6d"
url = "https://github.com/astral-sh/python-build-standalone/releases/download/20260807/cpython-3.14.7+20260807-aarch64-apple-darwin-install_only_stripped.tar.gz"
provenance = "github-attestations"

[[tools.uv]]
version = "0.12.7"
backend = "aqua:astral-sh/uv"

[tools.uv."platforms.linux-arm64"]
checksum = "sha256:66393193038dd7eb108abd7a218d9cec04ac70ab98242b0720fa94de19223b7c"
url = "https://github.com/astral-sh/uv/releases/download/0.12.7/uv-aarch64-unknown-linux-gnu.tar.gz"
url_api = "https://api.github.com/repos/astral-sh/uv/releases/assets/532935189"
provenance = "github-attestations"

[tools.uv."platforms.linux-x64"]
checksum = "sha256:788f18abea7c5f55d6216e4f5613fd89d4d59b631efeec117b2b07fe72f1da21"
url = "https://github.com/astral-sh/uv/releases/download/0.12.7/uv-x86_64-unknown-linux-gnu.tar.gz"
url_api = "https://api.github.com/repos/astral-sh/uv/releases/assets/532935280"
provenance = "github-attestations"

[tools.uv."platforms.macos-arm64"]
checksum = "sha256:127ebdda7ad953cdf198e964b570ea5771b85467ea93eb7cb6d6f8e6f55408f3"
url = "https://github.com/astral-sh/uv/releases/download/0.12.7/uv-aarch64-apple-darwin.tar.gz"
url_api = "https://api.github.com/repos/astral-sh/uv/releases/assets/532935178"
provenance = "github-attestations"
