# @generated - this file is auto-generated by `mise lock` https://mise.en.dev/dev-tools/mise-lock.html

[[tools."aqua:FiloSottile/age"]]
version = "1.3.1"
backend = "aqua:FiloSottile/age"

[tools."aqua:FiloSottile/age"."platforms.linux-arm64"]
checksum = "sha256:c6878a324421b69e3e20b00ba17c04bc5c6dab0030cfe55bf8f68fa8d9e9093a"
url = "https://github.com/FiloSottile/age/releases/download/v1.3.1/age-v1.3.1-linux-arm64.tar.gz"
provenance = "github-attestations"

[tools."aqua:FiloSottile/age"."platforms.linux-x64"]
checksum = "sha256:bdc69c09cbdd6cf8b1f333d372a1f58247b3a33146406333e30c0f26e8f51377"
url = "https://github.com/FiloSottile/age/releases/download/v1.3.1/age-v1.3.1-linux-amd64.tar.gz"
provenance = "github-attestations"

[tools."aqua:FiloSottile/age"."platforms.macos-arm64"]
checksum = "sha256:01120ea2cbf0463d4c6bd767f99f3271bbed1cdc8a9aa718a76ba1fe4f01998b"
url = "https://github.com/FiloSottile/age/releases/download/v1.3.1/age-v1.3.1-darwin-arm64.tar.gz"
provenance = "github-attestations"

[[tools."aqua:budimanjojo/talhelper"]]
version = "3.1.10"
backend = "aqua:budimanjojo/talhelper"

[tools."aqua:budimanjojo/talhelper"."platforms.linux-arm64"]
checksum = "sha256:a3b725b3880e19cb92f3202fa9ff2d616f32b8622312db2eef0fd1cf8adc8273"
url = "https://github.com/budimanjojo/talhelper/releases/download/v3.1.10/talhelper_linux_arm64.tar.gz"

[tools."aqua:budimanjojo/talhelper"."platforms.linux-x64"]
checksum = "sha256:56657c596ae027354bf9c2bc58a2b6235cb743b7f9130bd748f3cc82c9870465"
url = "https://github.com/budimanjojo/talhelper/releases/download/v3.1.10/talhelper_linux_amd64.tar.gz"

[tools."aqua:budimanjojo/talhelper"."platforms.macos-arm64"]
checksum = "sha256:09e156fc7177a742df71a7cd9bcc1bb6731fd059e11d45731ebdfc536b27df26"
url = "https://github.com/budimanjojo/talhelper/releases/download/v3.1.10/talhelper_darwin_arm64.tar.gz"

[[tools."aqua:casey/just"]]
version = "1.47.1"
backend = "aqua:casey/just"

[tools."aqua:casey/just"."platforms.linux-arm64"]
checksum = "sha256:e6321ac6d0499bfe849cf28869e34bffbee246b8d450ffbb9a6792aea3084f72"
url = "https://github.com/casey/just/releases/download/1.47.1/just-1.47.1-aarch64-unknown-linux-musl.tar.gz"

[tools."aqua:casey/just"."platforms.linux-x64"]
checksum = "sha256:3cb931ae25860f261ee373f32ede3b772ac91f14f588e4071576d3ffcf1a16fd"
url = "https://github.com/casey/just/releases/download/1.47.1/just-1.47.1-x86_64-unknown-linux-musl.tar.gz"

[tools."aqua:casey/just"."platforms.macos-arm64"]
checksum = "sha256:630390f3cfe131f5153c336cb5d5e9714c49ff27bee38d090da0a5901fd660e5"
url = "https://github.com/casey/just/releases/download/1.47.1/just-1.47.1-aarch64-apple-darwin.tar.gz"

[[tools."aqua:charmbracelet/gum"]]
version = "0.17.0"
backend = "aqua:charmbracelet/gum"

[tools."aqua:charmbracelet/gum"."platforms.linux-arm64"]
checksum = "sha256:b0b9ed95cbf7c8b7073f17b9591811f5c001e33c7cfd066ca83ce8a07c576f9c"
url = "https://github.com/charmbracelet/gum/releases/download/v0.17.0/gum_0.17.0_Linux_arm64.tar.gz"

[tools."aqua:charmbracelet/gum"."platforms.linux-x64"]
checksum = "sha256:69ee169bd6387331928864e94d47ed01ef649fbfe875baed1bbf27b5377a6fdb"
url = "https://github.com/charmbracelet/gum/releases/download/v0.17.0/gum_0.17.0_Linux_x86_64.tar.gz"

[tools."aqua:charmbracelet/gum"."platforms.macos-arm64"]
checksum = "sha256:e2a4b8596efa05821d8c58d0c1afbcd7ad1699ba69c689cc3ff23a4a99c8b237"
url = "https://github.com/charmbracelet/gum/releases/download/v0.17.0/gum_0.17.0_Darwin_arm64.tar.gz"

[[tools."aqua:cli/cli"]]
version = "2.93.0"
backend = "aqua:cli/cli"

[tools."aqua:cli/cli"."platforms.linux-arm64"]
checksum = "sha256:c55feb33684abba57e9909737340d5b39282257c0363e1edde6785ac4a413be7"
url = "https://github.com/cli/cli/releases/download/v2.93.0/gh_2.93.0_linux_arm64.tar.gz"
provenance = "github-attestations"

[tools."aqua:cli/cli"."platforms.linux-x64"]
checksum = "sha256:02d1290eba130e0b896f3709ffff22e1c75a51475ddb70476a85abc6b5807af0"
url = "https://github.com/cli/cli/releases/download/v2.93.0/gh_2.93.0_linux_amd64.tar.gz"
provenance = "github-attestations"

[tools."aqua:cli/cli"."platforms.macos-arm64"]
checksum = "sha256:a86be4e0a86c26456cf71177d6572d6f1165cf1679e532b72f7f15918ee51fd2"
url = "https://github.com/cli/cli/releases/download/v2.93.0/gh_2.93.0_macOS_arm64.zip"
provenance = "github-attestations"

[[tools."aqua:cloudflare/cloudflared"]]
version = "2026.5.2"
backend = "aqua:cloudflare/cloudflared"

[tools."aqua:cloudflare/cloudflared"."platforms.linux-arm64"]
checksum = "sha256:5a4e8ce2701105271412059f44b6a0bf1ae4542b4d98ff3180c0c019443a5815"
url = "https://github.com/cloudflare/cloudflared/releases/download/2026.5.2/cloudflared-linux-arm64"

[tools."aqua:cloudflare/cloudflared"."platforms.linux-x64"]
checksum = "sha256:5286698547f03df745adb2355f04c12dde52ef425491e81f433642d695521886"
url = "https://github.com/cloudflare/cloudflared/releases/download/2026.5.2/cloudflared-linux-amd64"

[tools."aqua:cloudflare/cloudflared"."platforms.macos-arm64"]
checksum = "sha256:ba94054c9fd4297645093d59d51442e5e546d07bb0516120e694a13d5b216d38"
url = "https://github.com/cloudflare/cloudflared/releases/download/2026.5.2/cloudflared-darwin-arm64.tgz"

[[tools."aqua:cue-lang/cue"]]
version = "0.16.1"
backend = "aqua:cue-lang/cue"

[tools."aqua:cue-lang/cue"."platforms.linux-arm64"]
checksum = "sha256:3cc715a9e969f87b93c4fa34cfaef5388b93e96efa20b248e8ad6826abd25a83"
url = "https://github.com/cue-lang/cue/releases/download/v0.16.1/cue_v0.16.1_linux_arm64.tar.gz"

[tools."aqua:cue-lang/cue"."platforms.linux-x64"]
checksum = "sha256:5d644c1305a2b86504c8dcd2ec829cf5b4999efc2cf51ee375624e0455f774ae"
url = "https://github.com/cue-lang/cue/releases/download/v0.16.1/cue_v0.16.1_linux_amd64.tar.gz"

[tools."aqua:cue-lang/cue"."platforms.macos-arm64"]
checksum = "sha256:a72b0cddb377c52d1b003bed9a335d893b70cd75a182cd5e3fee8bae30ddb6d6"
url = "https://github.com/cue-lang/cue/releases/download/v0.16.1/cue_v0.16.1_darwin_arm64.tar.gz"

[[tools."aqua:fluxcd/flux2"]]
version = "2.8.8"
backend = "aqua:fluxcd/flux2"

[tools."aqua:fluxcd/flux2"."platforms.linux-arm64"]
checksum = "sha256:738604ab040055ace69777988a24def98ada1aff14ae4726e733089dc8cc5e12"
url = "https://github.com/fluxcd/flux2/releases/download/v2.8.8/flux_2.8.8_linux_arm64.tar.gz"

[tools."aqua:fluxcd/flux2"."platforms.linux-arm64".provenance.slsa]
url = "https://github.com/fluxcd/flux2/releases/download/v2.8.8/provenance.intoto.jsonl"

[tools."aqua:fluxcd/flux2"."platforms.linux-x64"]
checksum = "sha256:3791d8fbb73b967ada021186f7b46686a2b180ce206d3c279c3f2ad183877a7f"
url = "https://github.com/fluxcd/flux2/releases/download/v2.8.8/flux_2.8.8_linux_amd64.tar.gz"

[tools."aqua:fluxcd/flux2"."platforms.linux-x64".provenance.slsa]
url = "https://github.com/fluxcd/flux2/releases/download/v2.8.8/provenance.intoto.jsonl"

[tools."aqua:fluxcd/flux2"."platforms.macos-arm64"]
checksum = "sha256:f54bb4d83cfc9563fd3213381d50fe1102215ef904ecf9c38afa183b02c74eb7"
url = "https://github.com/fluxcd/flux2/releases/download/v2.8.8/flux_2.8.8_darwin_arm64.tar.gz"

[tools."aqua:fluxcd/flux2"."platforms.macos-arm64".provenance.slsa]
url = "https://github.com/fluxcd/flux2/releases/download/v2.8.8/provenance.intoto.jsonl"

[[tools."aqua:google/yamlfmt"]]
version = "0.21.0"
backend = "aqua:google/yamlfmt"

[tools."aqua:google/yamlfmt"."platforms.linux-arm64"]
checksum = "sha256:5b2689c963b177271330c5ce8ca7396751107e5a826be46f03d2cb9b6f0c7784"
url = "https://github.com/google/yamlfmt/releases/download/v0.21.0/yamlfmt_0.21.0_Linux_arm64.tar.gz"

[tools."aqua:google/yamlfmt"."platforms.linux-x64"]
checksum = "sha256:1f300d9257b232bb3b541d7fb1b0e6b3c121bcbab381c86cd38cb8722be8a566"
url = "https://github.com/google/yamlfmt/releases/download/v0.21.0/yamlfmt_0.21.0_Linux_x86_64.tar.gz"

[tools."aqua:google/yamlfmt"."platforms.macos-arm64"]
checksum = "sha256:4b417ecb94339d57e4c122ecc948c1a00fe328b5853266de9806e652a92858fa"
url = "https://github.com/google/yamlfmt/releases/download/v0.21.0/yamlfmt_0.21.0_Darwin_arm64.tar.gz"

[[tools."aqua:helm/helm"]]
version = "4.2.0"
backend = "aqua:helm/helm"

[tools."aqua:helm/helm"."platforms.linux-arm64"]
checksum = "sha256:1f8de130dfbd04de64978e7b852a7a547be1404956a366608276d2520b678670"
url = "https://get.helm.sh/helm-v4.2.0-linux-arm64.tar.gz"

[tools."aqua:helm/helm"."platforms.linux-x64"]
checksum = "sha256:97dbeb971be4ac4b27e3839976d9564c0fb35c6f3b1da89dd1e292d236af4096"
url = "https://get.helm.sh/helm-v4.2.0-linux-amd64.tar.gz"

[tools."aqua:helm/helm"."platforms.macos-arm64"]
checksum = "sha256:f13f959015447b6bc309f9fd506509926543988a39035c088b52522ec95e2acb"
url = "https://get.helm.sh/helm-v4.2.0-darwin-arm64.tar.gz"

[[tools."aqua:helmfile/helmfile"]]
version = "1.5.2"
backend = "aqua:helmfile/helmfile"

[tools."aqua:helmfile/helmfile"."platforms.linux-arm64"]
checksum = "sha256:4488ca172141a2ad563ac99fffdd8f4761620b40e8e7878ab3fd0e436d4ec057"
url = "https://github.com/helmfile/helmfile/releases/download/v1.5.2/helmfile_1.5.2_linux_arm64.tar.gz"

[tools."aqua:helmfile/helmfile"."platforms.linux-x64"]
checksum = "sha256:96e342ff19a45c2e36371f93cf6264f3ef285bbde0fc363e56cb53bdef3df1ff"
url = "https://github.com/helmfile/helmfile/releases/download/v1.5.2/helmfile_1.5.2_linux_amd64.tar.gz"

[tools."aqua:helmfile/helmfile"."platforms.macos-arm64"]
checksum = "sha256:55e22265177e3d21fcf5a5dfed51f7deaf9c4f6bd460f3961263ebefd428579f"
url = "https://github.com/helmfile/helmfile/releases/download/v1.5.2/helmfile_1.5.2_darwin_arm64.tar.gz"

[[tools."aqua:helmfile/vals"]]
version = "0.44.0"
backend = "aqua:helmfile/vals"

[tools."aqua:helmfile/vals"."platforms.linux-arm64"]
checksum = "sha256:18d55294e92452f61cf6fcf6cca53bb51a66d8b860696666f44635964b3e5e40"
url = "https://github.com/helmfile/vals/releases/download/v0.44.0/vals_0.44.0_linux_arm64.tar.gz"

[tools."aqua:helmfile/vals"."platforms.linux-x64"]
checksum = "sha256:728e9195fa2170e1e5c7ed7ca0e2e41fe1e910507a812f23fb579c68d6ef3678"
url = "https://github.com/helmfile/vals/releases/download/v0.44.0/vals_0.44.0_linux_amd64.tar.gz"

[tools."aqua:helmfile/vals"."platforms.macos-arm64"]
checksum = "sha256:2d9b995d2b6325c7a6a1e124937293eec0dc56fd4a5bab785c69c2e48b52393e"
url = "https://github.com/helmfile/vals/releases/download/v0.44.0/vals_0.44.0_darwin_arm64.tar.gz"

[[tools."aqua:jqlang/jq"]]
version = "1.7.1"
backend = "aqua:jqlang/jq"

[tools."aqua:jqlang/jq"."platforms.linux-arm64"]
checksum = "sha256:4dd2d8a0661df0b22f1bb9a1f9830f06b6f3b8f7d91211a1ef5d7c4f06a8b4a5"
url = "https://github.com/jqlang/jq/releases/download/jq-1.7.1/jq-linux-arm64"

[tools."aqua:jqlang/jq"."platforms.linux-x64"]
checksum = "sha256:5942c9b0934e510ee61eb3e30273f1b3fe2590df93933a93d7c58b81d19c8ff5"
url = "https://github.com/jqlang/jq/releases/download/jq-1.7.1/jq-linux-amd64"

[tools."aqua:jqlang/jq"."platforms.macos-arm64"]
checksum = "sha256:0bbe619e663e0de2c550be2fe0d240d076799d6f8a652b70fa04aea8a8362e8a"
url = "https://github.com/jqlang/jq/releases/download/jq-1.7.1/jq-macos-arm64"

[[tools."aqua:koalaman/shellcheck"]]
version = "0.11.0"
backend = "aqua:koalaman/shellcheck"

[tools."aqua:koalaman/shellcheck"."platforms.linux-arm64"]
checksum = "sha256:12b331c1d2db6b9eb13cfca64306b1b157a86eb69db83023e261eaa7e7c14588"
url = "https://github.com/koalaman/shellcheck/releases/download/v0.11.0/shellcheck-v0.11.0.linux.aarch64.tar.xz"

[tools."aqua:koalaman/shellcheck"."platforms.linux-x64"]
checksum = "sha256:8c3be12b05d5c177a04c29e3c78ce89ac86f1595681cab149b65b97c4e227198"
url = "https://github.com/koalaman/shellcheck/releases/download/v0.11.0/shellcheck-v0.11.0.linux.x86_64.tar.xz"

[tools."aqua:koalaman/shellcheck"."platforms.macos-arm64"]
checksum = "sha256:56affdd8de5527894dca6dc3d7e0a99a873b0f004d7aabc30ae407d3f48b0a79"
url = "https://github.com/koalaman/shellcheck/releases/download/v0.11.0/shellcheck-v0.11.0.darwin.aarch64.tar.xz"

[[tools."aqua:kubernetes-sigs/kustomize"]]
version = "5.6.0"
backend = "aqua:kubernetes-sigs/kustomize"

[tools."aqua:kubernetes-sigs/kustomize"."platforms.linux-arm64"]
url = "https://github.com/kubernetes-sigs/kustomize/releases/download/kustomize/v5.6.0/kustomize_v5.6.0_linux_arm64.tar.gz"

[tools."aqua:kubernetes-sigs/kustomize"."platforms.linux-x64"]
url = "https://github.com/kubernetes-sigs/kustomize/releases/download/kustomize/v5.6.0/kustomize_v5.6.0_linux_amd64.tar.gz"

[tools."aqua:kubernetes-sigs/kustomize"."platforms.macos-arm64"]
url = "https://github.com/kubernetes-sigs/kustomize/releases/download/kustomize/v5.6.0/kustomize_v5.6.0_darwin_arm64.tar.gz"

[[tools."aqua:kubernetes/kubernetes/kubectl"]]
version = "1.36.1"
backend = "aqua:kubernetes/kubernetes/kubectl"

[tools."aqua:kubernetes/kubernetes/kubectl"."platforms.linux-arm64"]
checksum = "sha256:59f7ee8e477fae658447607dc3c8790ac17a1b016c01c622c12070e969e2d4e7"
url = "https://dl.k8s.io/v1.36.1/bin/linux/arm64/kubectl"

[tools."aqua:kubernetes/kubernetes/kubectl"."platforms.linux-x64"]
checksum = "sha256:629d3f410e09bf49b64ae7079f7f0bda1191efed311f7d37fdbab0ad5b0ec2b7"
url = "https://dl.k8s.io/v1.36.1/bin/linux/amd64/kubectl"

[tools."aqua:kubernetes/kubernetes/kubectl"."platforms.macos-arm64"]
checksum = "sha256:9092778abaef3079449da4cd70ded0e4be112480c93efcdeace3155968d1d133"
url = "https://dl.k8s.io/v1.36.1/bin/darwin/arm64/kubectl"

[[tools."aqua:mikefarah/yq"]]
version = "4.53.2"
backend = "aqua:mikefarah/yq"

[tools."aqua:mikefarah/yq"."platforms.linux-arm64"]
checksum = "sha256:03061b2a50c7a498de2bbb92d7cb078ce433011f085a4994117c2726be4106ea"
url = "https://github.com/mikefarah/yq/releases/download/v4.53.2/yq_linux_arm64"

[tools."aqua:mikefarah/yq"."platforms.linux-x64"]
checksum = "sha256:d56bf5c6819e8e696340c312bd70f849dc1678a7cda9c2ad63eebd906371d56b"
url = "https://github.com/mikefarah/yq/releases/download/v4.53.2/yq_linux_amd64"

[tools."aqua:mikefarah/yq"."platforms.macos-arm64"]
checksum = "sha256:541ba2287560df70f561955e2d7f7e1cd00cf2a15a884f6b5c87a4bfa887bc07"
url = "https://github.com/mikefarah/yq/releases/download/v4.53.2/yq_darwin_arm64"

[[tools."aqua:mitsuhiko/minijinja"]]
version = "2.18.0"
backend = "aqua:mitsuhiko/minijinja"

[tools."aqua:mitsuhiko/minijinja"."platforms.linux-arm64"]
checksum = "sha256:613b1f7cf6d79761e856948b89323979d0578b4fd10b64d8ad26da7b2db83c81"
url = "https://github.com/mitsuhiko/minijinja/releases/download/2.18.0/minijinja-cli-aarch64-unknown-linux-musl.tar.xz"

[tools."aqua:mitsuhiko/minijinja"."platforms.linux-x64"]
checksum = "sha256:0a5bc526a6b07c8abbd893c9bac39496abd38c56853c9c5fe9aeae504778dc60"
url = "https://github.com/mitsuhiko/minijinja/releases/download/2.18.0/minijinja-cli-x86_64-unknown-linux-musl.tar.xz"

[tools."aqua:mitsuhiko/minijinja"."platforms.macos-arm64"]
checksum = "sha256:65b441b161b04d0e8febf121f39eb9d9bdde27d8eff1ccd755020a589f5d03c2"
url = "https://github.com/mitsuhiko/minijinja/releases/download/2.18.0/minijinja-cli-aarch64-apple-darwin.tar.xz"

[[tools."aqua:rhysd/actionlint"]]
version = "1.7.11"
backend = "aqua:rhysd/actionlint"

[tools."aqua:rhysd/actionlint"."platforms.linux-arm64"]
checksum = "sha256:21bc0dfb57a913fe175298c2a9e906ee630f747cb66d0a934d0d4b69f4ee1235"
url = "https://github.com/rhysd/actionlint/releases/download/v1.7.11/actionlint_1.7.11_linux_arm64.tar.gz"
provenance = "github-attestations"

[tools."aqua:rhysd/actionlint"."platforms.linux-x64"]
checksum = "sha256:900919a84f2229bac68ca9cd4103ea297abc35e9689ebb842c6e34a3d1b01b0a"
url = "https://github.com/rhysd/actionlint/releases/download/v1.7.11/actionlint_1.7.11_linux_amd64.tar.gz"
provenance = "github-attestations"

[tools."aqua:rhysd/actionlint"."platforms.macos-arm64"]
checksum = "sha256:a21ba7366d8329e7223faee0ed69eb13da27fe8acabb356bb7eb0b7f1e1cb6d8"
url = "https://github.com/rhysd/actionlint/releases/download/v1.7.11/actionlint_1.7.11_darwin_arm64.tar.gz"
provenance = "github-attestations"

[[tools."aqua:siderolabs/talos"]]
version = "1.13.3"
backend = "aqua:siderolabs/talos"

[tools."aqua:siderolabs/talos"."platforms.linux-arm64"]
checksum = "sha256:549bcdf2bce9552bc6aee69bd6fb5b0618efb048831cdf729b3dbf92b59f3ae0"
url = "https://github.com/siderolabs/talos/releases/download/v1.13.3/talosctl-linux-arm64"
provenance = "cosign"

[tools."aqua:siderolabs/talos"."platforms.linux-x64"]
checksum = "sha256:50e87176dc532fd82b3136f321e8c292e175c98a4c6573c505b07fef21e476cf"
url = "https://github.com/siderolabs/talos/releases/download/v1.13.3/talosctl-linux-amd64"
provenance = "cosign"

[tools."aqua:siderolabs/talos"."platforms.macos-arm64"]
checksum = "sha256:badbf454e3fea46018af69b8704b7acdccb7a70906538619da6bdabc382c8f05"
url = "https://github.com/siderolabs/talos/releases/download/v1.13.3/talosctl-darwin-arm64"
provenance = "cosign"

[[tools."aqua:yannh/kubeconform"]]
version = "0.7.0"
backend = "aqua:yannh/kubeconform"

[tools."aqua:yannh/kubeconform"."platforms.linux-arm64"]
checksum = "sha256:cc907ccf9e3c34523f0f32b69745265e0a6908ca85b92f41931d4537860eb83c"
url = "https://github.com/yannh/kubeconform/releases/download/v0.7.0/kubeconform-linux-arm64.tar.gz"

[tools."aqua:yannh/kubeconform"."platforms.linux-x64"]
checksum = "sha256:c31518ddd122663b3f3aa874cfe8178cb0988de944f29c74a0b9260920d115d3"
url = "https://github.com/yannh/kubeconform/releases/download/v0.7.0/kubeconform-linux-amd64.tar.gz"

[tools."aqua:yannh/kubeconform"."platforms.macos-arm64"]
checksum = "sha256:b5d32b2cb77f9c781c976b20a85e2d0bc8f9184d5d1cfe665a2f31a19f99eeb9"
url = "https://github.com/yannh/kubeconform/releases/download/v0.7.0/kubeconform-darwin-arm64.tar.gz"

[[tools."aqua:zizmorcore/zizmor"]]
version = "1.25.2"
backend = "aqua:zizmorcore/zizmor"

[tools."aqua:zizmorcore/zizmor"."platforms.linux-arm64"]
checksum = "sha256:4b4b9491112c2a09b318101c0d3349b73af1c4f532e097dd6d0164f2abda760d"
url = "https://github.com/zizmorcore/zizmor/releases/download/v1.25.2/zizmor-aarch64-unknown-linux-gnu.tar.gz"
provenance = "github-attestations"

[tools."aqua:zizmorcore/zizmor"."platforms.linux-x64"]
checksum = "sha256:aa1facd105f0d83fe5c55b1adcd9d7417de5d83aa27471f91dc0b66cf3803577"
url = "https://github.com/zizmorcore/zizmor/releases/download/v1.25.2/zizmor-x86_64-unknown-linux-gnu.tar.gz"
provenance = "github-attestations"

[tools."aqua:zizmorcore/zizmor"."platforms.macos-arm64"]
checksum = "sha256:624ef0e09521aecd862126be0f6d7754669af2646750d68ac48a114be33c3146"
url = "https://github.com/zizmorcore/zizmor/releases/download/v1.25.2/zizmor-aarch64-apple-darwin.tar.gz"
provenance = "github-attestations"

[[tools."github:home-operations/flate"]]
version = "0.1.38"
backend = "github:home-operations/flate"

[tools."github:home-operations/flate"."platforms.linux-arm64"]
checksum = "sha256:5322bd561822d72a807ab350bc59492dce639837e872fc7bfffbd25b4f4ea1e2"
url = "https://github.com/home-operations/flate/releases/download/0.1.38/flate_0.1.38_linux_arm64.tar.gz"
url_api = "https://api.github.com/repos/home-operations/flate/releases/assets/435788809"

[tools."github:home-operations/flate"."platforms.linux-x64"]
checksum = "sha256:036592af8650033f0273ddcd3290d4bf262fec9888183f26fccd2be3b383a911"
url = "https://github.com/home-operations/flate/releases/download/0.1.38/flate_0.1.38_linux_amd64.tar.gz"
url_api = "https://api.github.com/repos/home-operations/flate/releases/assets/435788810"

[tools."github:home-operations/flate"."platforms.macos-arm64"]
checksum = "sha256:b7c62c9339a263ddbf5ac0499509e4414576c8bc1eb76dcdd508c2a238dd1d3b"
url = "https://github.com/home-operations/flate/releases/download/0.1.38/flate_0.1.38_darwin_arm64.tar.gz"
url_api = "https://api.github.com/repos/home-operations/flate/releases/assets/435788811"

[[tools.node]]
version = "24.14.0"
backend = "core:node"

[tools.node."platforms.linux-arm64"]
checksum = "sha256:f44740cd218de8127f1c44c41510a3a740fa5c9c8d1cdce1c3bedada79f3cde7"
url = "https://nodejs.org/dist/v24.14.0/node-v24.14.0-linux-arm64.tar.gz"

[tools.node."platforms.linux-x64"]
checksum = "sha256:dbf5b8665dec15e59e6359a517fefb47b23fdb9152d8def975b9bca3dfc6d355"
url = "https://nodejs.org/dist/v24.14.0/node-v24.14.0-linux-x64.tar.gz"

[tools.node."platforms.macos-arm64"]
checksum = "sha256:a1a54f46a750d2523d628d924aab61758a51c9dad3e0238beb14141be9615dd3"
url = "https://nodejs.org/dist/v24.14.0/node-v24.14.0-darwin-arm64.tar.gz"

[[tools."npm:prettier"]]
version = "3.8.1"
backend = "npm:prettier"

[[tools.python]]
version = "3.14.5"
backend = "core:python"

[tools.python."platforms.linux-arm64"]
checksum = "sha256:bea1aa66159eaf97ade1225e40b7060d709154da961aa37792bb8066d8f6af49"
url = "https://github.com/astral-sh/python-build-standalone/releases/download/20260510/cpython-3.14.5+20260510-aarch64-unknown-linux-gnu-install_only_stripped.tar.gz"
provenance = "github-attestations"

[tools.python."platforms.linux-x64"]
checksum = "sha256:dc10977b0db3bef1ee2275107fde6fe9c148135b556fa352e83c6baa67d17ed6"
url = "https://github.com/astral-sh/python-build-standalone/releases/download/20260510/cpython-3.14.5+20260510-x86_64-unknown-linux-gnu-install_only_stripped.tar.gz"
provenance = "github-attestations"

[tools.python."platforms.macos-arm64"]
checksum = "sha256:1bb0b3d45448dfe7e916dc62144cfd7d7a611dc6ccf05b8bb71662cc5c2a1ad2"
url = "https://github.com/astral-sh/python-build-standalone/releases/download/20260510/cpython-3.14.5+20260510-aarch64-apple-darwin-install_only_stripped.tar.gz"
provenance = "github-attestations"

[[tools.uv]]
version = "0.11.18"
backend = "aqua:astral-sh/uv"

[tools.uv."platforms.linux-arm64"]
checksum = "sha256:6d895725333680bf7633ad635baff8e49dc45d3b52e00b2b3adf6ced41f2ebe2"
url = "https://github.com/astral-sh/uv/releases/download/0.11.18/uv-aarch64-unknown-linux-musl.tar.gz"
provenance = "github-attestations"

[tools.uv."platforms.linux-x64"]
checksum = "sha256:a095a969fc8357f42e35652e0554525a47a29010ddb814bd82650c2ffa7d6d62"
url = "https://github.com/astral-sh/uv/releases/download/0.11.18/uv-x86_64-unknown-linux-musl.tar.gz"
provenance = "github-attestations"

[tools.uv."platforms.macos-arm64"]
checksum = "sha256:1a7adf8dadae3b55853115d13a8bf564d219597ad13824b93b213706933863e5"
url = "https://github.com/astral-sh/uv/releases/download/0.11.18/uv-aarch64-apple-darwin.tar.gz"
provenance = "github-attestations"
