# @generated - this file is auto-generated by `mise lock` https://mise.en.dev/dev-tools/mise-lock.html

[[tools."aqua:FiloSottile/age"]]
version = "1.3.1"
backend = "aqua:FiloSottile/age"

[tools."aqua:FiloSottile/age"."platforms.linux-arm64"]
checksum = "sha256:c6878a324421b69e3e20b00ba17c04bc5c6dab0030cfe55bf8f68fa8d9e9093a"
url = "https://github.com/FiloSottile/age/releases/download/v1.3.1/age-v1.3.1-linux-arm64.tar.gz"
provenance = "github-attestations"

[tools."aqua:FiloSottile/age"."platforms.linux-x64"]
checksum = "sha256:bdc69c09cbdd6cf8b1f333d372a1f58247b3a33146406333e30c0f26e8f51377"
url = "https://github.com/FiloSottile/age/releases/download/v1.3.1/age-v1.3.1-linux-amd64.tar.gz"
provenance = "github-attestations"

[tools."aqua:FiloSottile/age"."platforms.macos-arm64"]
checksum = "sha256:01120ea2cbf0463d4c6bd767f99f3271bbed1cdc8a9aa718a76ba1fe4f01998b"
url = "https://github.com/FiloSottile/age/releases/download/v1.3.1/age-v1.3.1-darwin-arm64.tar.gz"
provenance = "github-attestations"

[[tools."aqua:budimanjojo/talhelper"]]
version = "3.1.12"
backend = "aqua:budimanjojo/talhelper"

[[tools."aqua:casey/just"]]
version = "1.47.1"
backend = "aqua:casey/just"

[tools."aqua:casey/just"."platforms.linux-arm64"]
checksum = "sha256:e6321ac6d0499bfe849cf28869e34bffbee246b8d450ffbb9a6792aea3084f72"
url = "https://github.com/casey/just/releases/download/1.47.1/just-1.47.1-aarch64-unknown-linux-musl.tar.gz"

[tools."aqua:casey/just"."platforms.linux-x64"]
checksum = "sha256:3cb931ae25860f261ee373f32ede3b772ac91f14f588e4071576d3ffcf1a16fd"
url = "https://github.com/casey/just/releases/download/1.47.1/just-1.47.1-x86_64-unknown-linux-musl.tar.gz"

[tools."aqua:casey/just"."platforms.macos-arm64"]
checksum = "sha256:630390f3cfe131f5153c336cb5d5e9714c49ff27bee38d090da0a5901fd660e5"
url = "https://github.com/casey/just/releases/download/1.47.1/just-1.47.1-aarch64-apple-darwin.tar.gz"

[[tools."aqua:charmbracelet/gum"]]
version = "0.17.0"
backend = "aqua:charmbracelet/gum"

[tools."aqua:charmbracelet/gum"."platforms.linux-arm64"]
checksum = "sha256:b0b9ed95cbf7c8b7073f17b9591811f5c001e33c7cfd066ca83ce8a07c576f9c"
url = "https://github.com/charmbracelet/gum/releases/download/v0.17.0/gum_0.17.0_Linux_arm64.tar.gz"

[tools."aqua:charmbracelet/gum"."platforms.linux-x64"]
checksum = "sha256:69ee169bd6387331928864e94d47ed01ef649fbfe875baed1bbf27b5377a6fdb"
url = "https://github.com/charmbracelet/gum/releases/download/v0.17.0/gum_0.17.0_Linux_x86_64.tar.gz"

[tools."aqua:charmbracelet/gum"."platforms.macos-arm64"]
checksum = "sha256:e2a4b8596efa05821d8c58d0c1afbcd7ad1699ba69c689cc3ff23a4a99c8b237"
url = "https://github.com/charmbracelet/gum/releases/download/v0.17.0/gum_0.17.0_Darwin_arm64.tar.gz"

[[tools."aqua:cli/cli"]]
version = "2.95.0"
backend = "aqua:cli/cli"

[tools."aqua:cli/cli"."platforms.linux-arm64"]
checksum = "sha256:d41e0b3b6218e5741c8bb4db39b16e53a59e0e06299a8489bd38f623ef7ebaae"
url = "https://github.com/cli/cli/releases/download/v2.95.0/gh_2.95.0_linux_arm64.tar.gz"
provenance = "github-attestations"

[tools."aqua:cli/cli"."platforms.linux-x64"]
checksum = "sha256:25d1e4729e8808c9ed3d613e96ebd3f3e44446f2d368c89d878a71a36ddb3d8c"
url = "https://github.com/cli/cli/releases/download/v2.95.0/gh_2.95.0_linux_amd64.tar.gz"
provenance = "github-attestations"

[tools."aqua:cli/cli"."platforms.macos-arm64"]
checksum = "sha256:3677f9c27965825f9c7d50395473c134edaea4b484373ef6b25de653570a0489"
url = "https://github.com/cli/cli/releases/download/v2.95.0/gh_2.95.0_macOS_arm64.zip"
provenance = "github-attestations"

[[tools."aqua:cloudflare/cloudflared"]]
version = "2026.6.1"
backend = "aqua:cloudflare/cloudflared"

[tools."aqua:cloudflare/cloudflared"."platforms.linux-arm64"]
checksum = "sha256:59816ce9b16db71f5bc2a86d59b3632a96c8c3ee934bde2bc8641ee83a6070eb"
url = "https://github.com/cloudflare/cloudflared/releases/download/2026.6.1/cloudflared-linux-arm64"

[tools."aqua:cloudflare/cloudflared"."platforms.linux-x64"]
checksum = "sha256:5861a10a438fe8ddcfebb3b830f83966cbf193edafce0fe2eeb198fbae1f7a22"
url = "https://github.com/cloudflare/cloudflared/releases/download/2026.6.1/cloudflared-linux-amd64"

[tools."aqua:cloudflare/cloudflared"."platforms.macos-arm64"]
checksum = "sha256:f6d4c439c6c782b83264951d327989ce5e23373acc5942b872411601fedb020d"
url = "https://github.com/cloudflare/cloudflared/releases/download/2026.6.1/cloudflared-darwin-arm64.tgz"

[[tools."aqua:cue-lang/cue"]]
version = "0.17.0"
backend = "aqua:cue-lang/cue"

[[tools."aqua:editorconfig-checker/editorconfig-checker"]]
version = "3.8.0"
backend = "aqua:editorconfig-checker/editorconfig-checker"

[tools."aqua:editorconfig-checker/editorconfig-checker"."platforms.linux-arm64"]
checksum = "sha256:5676889ac4eed1036180ffbe2aeb2062d985ac50f7e6035fe61160c6b8be2c33"
url = "https://github.com/editorconfig-checker/editorconfig-checker/releases/download/v3.8.0/ec-linux-arm64.tar.gz"

[tools."aqua:editorconfig-checker/editorconfig-checker"."platforms.linux-x64"]
checksum = "sha256:613bd88f34165a334adcb6b7e92a123c9de0eada65846d31af63613b779ff3be"
url = "https://github.com/editorconfig-checker/editorconfig-checker/releases/download/v3.8.0/ec-linux-amd64.tar.gz"

[tools."aqua:editorconfig-checker/editorconfig-checker"."platforms.macos-arm64"]
checksum = "sha256:73bbb23c24b94c9e61d7ed3694cc313943c59e5e8bc5bee9f186a997a45eb046"
url = "https://github.com/editorconfig-checker/editorconfig-checker/releases/download/v3.8.0/ec-darwin-arm64.tar.gz"

[[tools."aqua:fluxcd/flux2"]]
version = "2.8.8"
backend = "aqua:fluxcd/flux2"

[tools."aqua:fluxcd/flux2"."platforms.linux-arm64"]
checksum = "sha256:738604ab040055ace69777988a24def98ada1aff14ae4726e733089dc8cc5e12"
url = "https://github.com/fluxcd/flux2/releases/download/v2.8.8/flux_2.8.8_linux_arm64.tar.gz"

[tools."aqua:fluxcd/flux2"."platforms.linux-arm64".provenance.slsa]
url = "https://github.com/fluxcd/flux2/releases/download/v2.8.8/provenance.intoto.jsonl"

[tools."aqua:fluxcd/flux2"."platforms.linux-x64"]
checksum = "sha256:3791d8fbb73b967ada021186f7b46686a2b180ce206d3c279c3f2ad183877a7f"
url = "https://github.com/fluxcd/flux2/releases/download/v2.8.8/flux_2.8.8_linux_amd64.tar.gz"

[tools."aqua:fluxcd/flux2"."platforms.linux-x64".provenance.slsa]
url = "https://github.com/fluxcd/flux2/releases/download/v2.8.8/provenance.intoto.jsonl"

[tools."aqua:fluxcd/flux2"."platforms.macos-arm64"]
checksum = "sha256:f54bb4d83cfc9563fd3213381d50fe1102215ef904ecf9c38afa183b02c74eb7"
url = "https://github.com/fluxcd/flux2/releases/download/v2.8.8/flux_2.8.8_darwin_arm64.tar.gz"

[tools."aqua:fluxcd/flux2"."platforms.macos-arm64".provenance.slsa]
url = "https://github.com/fluxcd/flux2/releases/download/v2.8.8/provenance.intoto.jsonl"

[[tools."aqua:google/yamlfmt"]]
version = "0.21.0"
backend = "aqua:google/yamlfmt"

[tools."aqua:google/yamlfmt"."platforms.linux-arm64"]
checksum = "sha256:5b2689c963b177271330c5ce8ca7396751107e5a826be46f03d2cb9b6f0c7784"
url = "https://github.com/google/yamlfmt/releases/download/v0.21.0/yamlfmt_0.21.0_Linux_arm64.tar.gz"

[tools."aqua:google/yamlfmt"."platforms.linux-x64"]
checksum = "sha256:1f300d9257b232bb3b541d7fb1b0e6b3c121bcbab381c86cd38cb8722be8a566"
url = "https://github.com/google/yamlfmt/releases/download/v0.21.0/yamlfmt_0.21.0_Linux_x86_64.tar.gz"

[tools."aqua:google/yamlfmt"."platforms.macos-arm64"]
checksum = "sha256:4b417ecb94339d57e4c122ecc948c1a00fe328b5853266de9806e652a92858fa"
url = "https://github.com/google/yamlfmt/releases/download/v0.21.0/yamlfmt_0.21.0_Darwin_arm64.tar.gz"

[[tools."aqua:helm/helm"]]
version = "4.2.2"
backend = "aqua:helm/helm"

[tools."aqua:helm/helm"."platforms.linux-arm64"]
checksum = "sha256:78803142087a0069fa4b50d3f32a84d3ef25c14d1ee8a40fbccf86a6216d2f36"
url = "https://get.helm.sh/helm-v4.2.2-linux-arm64.tar.gz"

[tools."aqua:helm/helm"."platforms.linux-x64"]
checksum = "sha256:9adafecab4d406853bba163a70e9f104f47dbbf65ce24b7653bae7e36150bcb6"
url = "https://get.helm.sh/helm-v4.2.2-linux-amd64.tar.gz"

[tools."aqua:helm/helm"."platforms.macos-arm64"]
checksum = "sha256:5410a0dae3d5d91f45653b161260d9301aabc4ae80ae50a6605d66884b6df8ea"
url = "https://get.helm.sh/helm-v4.2.2-darwin-arm64.tar.gz"

[[tools."aqua:helmfile/helmfile"]]
version = "1.6.0"
backend = "aqua:helmfile/helmfile"

[tools."aqua:helmfile/helmfile"."platforms.linux-arm64"]
checksum = "sha256:9f29b29ff017af7dc6feca632f9a683a6c8c5a0dc5a96dd1a2df3f1016c14823"
url = "https://github.com/helmfile/helmfile/releases/download/v1.6.0/helmfile_1.6.0_linux_arm64.tar.gz"

[tools."aqua:helmfile/helmfile"."platforms.linux-x64"]
checksum = "sha256:44c617bc12b5f7f1ca1da5333ccbd3865b314c132168b4ce1127f47e756008dc"
url = "https://github.com/helmfile/helmfile/releases/download/v1.6.0/helmfile_1.6.0_linux_amd64.tar.gz"

[tools."aqua:helmfile/helmfile"."platforms.macos-arm64"]
checksum = "sha256:49bb9f88bf264f0c004213971cd308925676f6e5200bb940498f5acbc06107fc"
url = "https://github.com/helmfile/helmfile/releases/download/v1.6.0/helmfile_1.6.0_darwin_arm64.tar.gz"

[[tools."aqua:helmfile/vals"]]
version = "0.44.0"
backend = "aqua:helmfile/vals"

[tools."aqua:helmfile/vals"."platforms.linux-arm64"]
checksum = "sha256:18d55294e92452f61cf6fcf6cca53bb51a66d8b860696666f44635964b3e5e40"
url = "https://github.com/helmfile/vals/releases/download/v0.44.0/vals_0.44.0_linux_arm64.tar.gz"

[tools."aqua:helmfile/vals"."platforms.linux-x64"]
checksum = "sha256:728e9195fa2170e1e5c7ed7ca0e2e41fe1e910507a812f23fb579c68d6ef3678"
url = "https://github.com/helmfile/vals/releases/download/v0.44.0/vals_0.44.0_linux_amd64.tar.gz"

[tools."aqua:helmfile/vals"."platforms.macos-arm64"]
checksum = "sha256:2d9b995d2b6325c7a6a1e124937293eec0dc56fd4a5bab785c69c2e48b52393e"
url = "https://github.com/helmfile/vals/releases/download/v0.44.0/vals_0.44.0_darwin_arm64.tar.gz"

[[tools."aqua:jqlang/jq"]]
version = "1.7.1"
backend = "aqua:jqlang/jq"

[tools."aqua:jqlang/jq"."platforms.linux-arm64"]
checksum = "sha256:4dd2d8a0661df0b22f1bb9a1f9830f06b6f3b8f7d91211a1ef5d7c4f06a8b4a5"
url = "https://github.com/jqlang/jq/releases/download/jq-1.7.1/jq-linux-arm64"

[tools."aqua:jqlang/jq"."platforms.linux-x64"]
checksum = "sha256:5942c9b0934e510ee61eb3e30273f1b3fe2590df93933a93d7c58b81d19c8ff5"
url = "https://github.com/jqlang/jq/releases/download/jq-1.7.1/jq-linux-amd64"

[tools."aqua:jqlang/jq"."platforms.macos-arm64"]
checksum = "sha256:0bbe619e663e0de2c550be2fe0d240d076799d6f8a652b70fa04aea8a8362e8a"
url = "https://github.com/jqlang/jq/releases/download/jq-1.7.1/jq-macos-arm64"

[[tools."aqua:koalaman/shellcheck"]]
version = "0.11.0"
backend = "aqua:koalaman/shellcheck"

[tools."aqua:koalaman/shellcheck"."platforms.linux-arm64"]
checksum = "sha256:12b331c1d2db6b9eb13cfca64306b1b157a86eb69db83023e261eaa7e7c14588"
url = "https://github.com/koalaman/shellcheck/releases/download/v0.11.0/shellcheck-v0.11.0.linux.aarch64.tar.xz"

[tools."aqua:koalaman/shellcheck"."platforms.linux-x64"]
checksum = "sha256:8c3be12b05d5c177a04c29e3c78ce89ac86f1595681cab149b65b97c4e227198"
url = "https://github.com/koalaman/shellcheck/releases/download/v0.11.0/shellcheck-v0.11.0.linux.x86_64.tar.xz"

[tools."aqua:koalaman/shellcheck"."platforms.macos-arm64"]
checksum = "sha256:56affdd8de5527894dca6dc3d7e0a99a873b0f004d7aabc30ae407d3f48b0a79"
url = "https://github.com/koalaman/shellcheck/releases/download/v0.11.0/shellcheck-v0.11.0.darwin.aarch64.tar.xz"

[[tools."aqua:kubernetes-sigs/kustomize"]]
version = "5.6.0"
backend = "aqua:kubernetes-sigs/kustomize"

[tools."aqua:kubernetes-sigs/kustomize"."platforms.linux-arm64"]
url = "https://github.com/kubernetes-sigs/kustomize/releases/download/kustomize/v5.6.0/kustomize_v5.6.0_linux_arm64.tar.gz"

[tools."aqua:kubernetes-sigs/kustomize"."platforms.linux-x64"]
url = "https://github.com/kubernetes-sigs/kustomize/releases/download/kustomize/v5.6.0/kustomize_v5.6.0_linux_amd64.tar.gz"

[tools."aqua:kubernetes-sigs/kustomize"."platforms.macos-arm64"]
url = "https://github.com/kubernetes-sigs/kustomize/releases/download/kustomize/v5.6.0/kustomize_v5.6.0_darwin_arm64.tar.gz"

[[tools."aqua:kubernetes/kubernetes/kubectl"]]
version = "1.36.2"
backend = "aqua:kubernetes/kubernetes/kubectl"

[tools."aqua:kubernetes/kubernetes/kubectl"."platforms.linux-arm64"]
checksum = "sha256:c957eb8c4bea27a3bb35b269edd9082e27f027f7b76b20b5bf4afebc726c6d3e"
url = "https://dl.k8s.io/v1.36.2/bin/linux/arm64/kubectl"

[tools."aqua:kubernetes/kubernetes/kubectl"."platforms.linux-x64"]
checksum = "sha256:1e9045ec32bea85da43de85f0065358529ea7c7a152eca78154fba5b58c27d82"
url = "https://dl.k8s.io/v1.36.2/bin/linux/amd64/kubectl"

[tools."aqua:kubernetes/kubernetes/kubectl"."platforms.macos-arm64"]
checksum = "sha256:4408c85c83fd3a31adaa555bdf3c7a6c81f74b19449a9060ba31ab91926f023d"
url = "https://dl.k8s.io/v1.36.2/bin/darwin/arm64/kubectl"

[[tools."aqua:mikefarah/yq"]]
version = "4.53.3"
backend = "aqua:mikefarah/yq"

[tools."aqua:mikefarah/yq"."platforms.linux-arm64"]
checksum = "sha256:578648e463a11c1b6db6010cbf41eafed6bee79466fcffa1bb446672cf7945ea"
url = "https://github.com/mikefarah/yq/releases/download/v4.53.3/yq_linux_arm64"

[tools."aqua:mikefarah/yq"."platforms.linux-x64"]
checksum = "sha256:fa52a4e758c63d38299163fbdd1edfb4c4963247918bf9c1c5d31d84789eded4"
url = "https://github.com/mikefarah/yq/releases/download/v4.53.3/yq_linux_amd64"

[tools."aqua:mikefarah/yq"."platforms.macos-arm64"]
checksum = "sha256:877de31753a4dd2401aa048937aa9a7fc4d5f6ce858cf31508c5802954297213"
url = "https://github.com/mikefarah/yq/releases/download/v4.53.3/yq_darwin_arm64"

[[tools."aqua:mitsuhiko/minijinja"]]
version = "2.18.0"
backend = "aqua:mitsuhiko/minijinja"

[tools."aqua:mitsuhiko/minijinja"."platforms.linux-arm64"]
checksum = "sha256:613b1f7cf6d79761e856948b89323979d0578b4fd10b64d8ad26da7b2db83c81"
url = "https://github.com/mitsuhiko/minijinja/releases/download/2.18.0/minijinja-cli-aarch64-unknown-linux-musl.tar.xz"

[tools."aqua:mitsuhiko/minijinja"."platforms.linux-x64"]
checksum = "sha256:0a5bc526a6b07c8abbd893c9bac39496abd38c56853c9c5fe9aeae504778dc60"
url = "https://github.com/mitsuhiko/minijinja/releases/download/2.18.0/minijinja-cli-x86_64-unknown-linux-musl.tar.xz"

[tools."aqua:mitsuhiko/minijinja"."platforms.macos-arm64"]
checksum = "sha256:65b441b161b04d0e8febf121f39eb9d9bdde27d8eff1ccd755020a589f5d03c2"
url = "https://github.com/mitsuhiko/minijinja/releases/download/2.18.0/minijinja-cli-aarch64-apple-darwin.tar.xz"

[[tools."aqua:rhysd/actionlint"]]
version = "1.7.11"
backend = "aqua:rhysd/actionlint"

[tools."aqua:rhysd/actionlint"."platforms.linux-arm64"]
checksum = "sha256:21bc0dfb57a913fe175298c2a9e906ee630f747cb66d0a934d0d4b69f4ee1235"
url = "https://github.com/rhysd/actionlint/releases/download/v1.7.11/actionlint_1.7.11_linux_arm64.tar.gz"
provenance = "github-attestations"

[tools."aqua:rhysd/actionlint"."platforms.linux-x64"]
checksum = "sha256:900919a84f2229bac68ca9cd4103ea297abc35e9689ebb842c6e34a3d1b01b0a"
url = "https://github.com/rhysd/actionlint/releases/download/v1.7.11/actionlint_1.7.11_linux_amd64.tar.gz"
provenance = "github-attestations"

[tools."aqua:rhysd/actionlint"."platforms.macos-arm64"]
checksum = "sha256:a21ba7366d8329e7223faee0ed69eb13da27fe8acabb356bb7eb0b7f1e1cb6d8"
url = "https://github.com/rhysd/actionlint/releases/download/v1.7.11/actionlint_1.7.11_darwin_arm64.tar.gz"
provenance = "github-attestations"

[[tools."aqua:siderolabs/talos"]]
version = "1.13.5"
backend = "aqua:siderolabs/talos"

[tools."aqua:siderolabs/talos"."platforms.linux-arm64"]
checksum = "sha256:bd053d8264c1b0c091cbaf15e7b414ab1cd14a56ddd5860f2e2ba01e5aee3bc3"
url = "https://github.com/siderolabs/talos/releases/download/v1.13.5/talosctl-linux-arm64"
provenance = "cosign"

[tools."aqua:siderolabs/talos"."platforms.linux-x64"]
checksum = "sha256:cb12209727c0c4d57d74c0595f34d441ba491421e1d3c8a5142ed91028a20232"
url = "https://github.com/siderolabs/talos/releases/download/v1.13.5/talosctl-linux-amd64"
provenance = "cosign"

[tools."aqua:siderolabs/talos"."platforms.macos-arm64"]
checksum = "sha256:5cfc42f5a51b01ea391c9760a1c5450517f7e85a74d145fd20b6abc4ac1df37e"
url = "https://github.com/siderolabs/talos/releases/download/v1.13.5/talosctl-darwin-arm64"
provenance = "cosign"

[[tools."aqua:yannh/kubeconform"]]
version = "0.8.0"
backend = "aqua:yannh/kubeconform"

[tools."aqua:yannh/kubeconform"."platforms.linux-arm64"]
checksum = "sha256:1f53fc8e81258197a35e8603054162a5af1de8c5af13746c71ab680d9534ed87"
url = "https://github.com/yannh/kubeconform/releases/download/v0.8.0/kubeconform-linux-arm64.tar.gz"

[tools."aqua:yannh/kubeconform"."platforms.linux-x64"]
checksum = "sha256:9bc2bffbf71f261128533edaf912153948b7ff238f9a531ae6d34466ec287883"
url = "https://github.com/yannh/kubeconform/releases/download/v0.8.0/kubeconform-linux-amd64.tar.gz"

[tools."aqua:yannh/kubeconform"."platforms.macos-arm64"]
checksum = "sha256:f84f4dfbebf4a6b0b230385fa065a39ea35e02608c2b50d025dcf64775a69d67"
url = "https://github.com/yannh/kubeconform/releases/download/v0.8.0/kubeconform-darwin-arm64.tar.gz"

[[tools."aqua:zizmorcore/zizmor"]]
version = "1.26.1"
backend = "aqua:zizmorcore/zizmor"

[tools."aqua:zizmorcore/zizmor"."platforms.linux-arm64"]
checksum = "sha256:711f5af366b299128f9a04b1470e37d990b41fbd21f14a1a4148d25004a83762"
url = "https://github.com/zizmorcore/zizmor/releases/download/v1.26.1/zizmor-aarch64-unknown-linux-gnu.tar.gz"
provenance = "github-attestations"

[tools."aqua:zizmorcore/zizmor"."platforms.linux-x64"]
checksum = "sha256:8556289a64e7aaf2400cd516f61a471aa91c5902cc56ad96a82fd12f90c2ef73"
url = "https://github.com/zizmorcore/zizmor/releases/download/v1.26.1/zizmor-x86_64-unknown-linux-gnu.tar.gz"
provenance = "github-attestations"

[tools."aqua:zizmorcore/zizmor"."platforms.macos-arm64"]
checksum = "sha256:68ab2b37836bbd44f6cfffcc102b9ffffbc20c5d67d84293dafb63bd2775a1da"
url = "https://github.com/zizmorcore/zizmor/releases/download/v1.26.1/zizmor-aarch64-apple-darwin.tar.gz"
provenance = "github-attestations"

[[tools."github:home-operations/flate"]]
version = "0.1.38"
backend = "github:home-operations/flate"

[tools."github:home-operations/flate"."platforms.linux-arm64"]
checksum = "sha256:5322bd561822d72a807ab350bc59492dce639837e872fc7bfffbd25b4f4ea1e2"
url = "https://github.com/home-operations/flate/releases/download/0.1.38/flate_0.1.38_linux_arm64.tar.gz"
url_api = "https://api.github.com/repos/home-operations/flate/releases/assets/435788809"

[tools."github:home-operations/flate"."platforms.linux-x64"]
checksum = "sha256:036592af8650033f0273ddcd3290d4bf262fec9888183f26fccd2be3b383a911"
url = "https://github.com/home-operations/flate/releases/download/0.1.38/flate_0.1.38_linux_amd64.tar.gz"
url_api = "https://api.github.com/repos/home-operations/flate/releases/assets/435788810"

[tools."github:home-operations/flate"."platforms.macos-arm64"]
checksum = "sha256:b7c62c9339a263ddbf5ac0499509e4414576c8bc1eb76dcdd508c2a238dd1d3b"
url = "https://github.com/home-operations/flate/releases/download/0.1.38/flate_0.1.38_darwin_arm64.tar.gz"
url_api = "https://api.github.com/repos/home-operations/flate/releases/assets/435788811"

[[tools."github:home-operations/yayamlls"]]
version = "0.1.10"
backend = "github:home-operations/yayamlls"

[tools."github:home-operations/yayamlls"."platforms.linux-arm64"]
checksum = "sha256:f67c9a2b51cc6872fa307809f6ee83293594a11cb048e5e9da4aab07130ed444"
url = "https://github.com/home-operations/yayamlls/releases/download/0.1.10/yayamlls_0.1.10_linux_arm64.tar.gz"
url_api = "https://api.github.com/repos/home-operations/yayamlls/releases/assets/453891485"

[tools."github:home-operations/yayamlls"."platforms.linux-x64"]
checksum = "sha256:9078ea741ed739862e60f7cb3c1bcc8d2d6355434961e2a785979df4818dd467"
url = "https://github.com/home-operations/yayamlls/releases/download/0.1.10/yayamlls_0.1.10_linux_amd64.tar.gz"
url_api = "https://api.github.com/repos/home-operations/yayamlls/releases/assets/453891484"

[tools."github:home-operations/yayamlls"."platforms.macos-arm64"]
checksum = "sha256:2c22be8185088bcb5c54f46e837aa6ef5491d9c956e9a240ad124a6deaa6b738"
url = "https://github.com/home-operations/yayamlls/releases/download/0.1.10/yayamlls_0.1.10_darwin_arm64.tar.gz"
url_api = "https://api.github.com/repos/home-operations/yayamlls/releases/assets/453891482"

[[tools.node]]
version = "24.14.0"
backend = "core:node"

[tools.node."platforms.linux-arm64"]
checksum = "sha256:f44740cd218de8127f1c44c41510a3a740fa5c9c8d1cdce1c3bedada79f3cde7"
url = "https://nodejs.org/dist/v24.14.0/node-v24.14.0-linux-arm64.tar.gz"

[tools.node."platforms.linux-x64"]
checksum = "sha256:dbf5b8665dec15e59e6359a517fefb47b23fdb9152d8def975b9bca3dfc6d355"
url = "https://nodejs.org/dist/v24.14.0/node-v24.14.0-linux-x64.tar.gz"

[tools.node."platforms.macos-arm64"]
checksum = "sha256:a1a54f46a750d2523d628d924aab61758a51c9dad3e0238beb14141be9615dd3"
url = "https://nodejs.org/dist/v24.14.0/node-v24.14.0-darwin-arm64.tar.gz"

[[tools."npm:markdownlint-cli"]]
version = "0.49.0"
backend = "npm:markdownlint-cli"

[[tools."npm:prettier"]]
version = "3.8.1"
backend = "npm:prettier"

[[tools."pipx:codespell"]]
version = "2.4.2"
backend = "pipx:codespell"

[[tools."pipx:yamllint"]]
version = "1.38.0"
backend = "pipx:yamllint"

[[tools.python]]
version = "3.14.6"
backend = "core:python"

[tools.python."platforms.linux-arm64"]
checksum = "sha256:9124d5c41739d78a446f1f29c1953bf41071abcbf18e6daec201a27608648195"
url = "https://github.com/astral-sh/python-build-standalone/releases/download/20260610/cpython-3.14.6+20260610-aarch64-unknown-linux-gnu-install_only_stripped.tar.gz"
provenance = "github-attestations"

[tools.python."platforms.linux-x64"]
checksum = "sha256:0881fbde2c78605720fb2e240d1a6df38652a896e40a5fce2e10908dbee5f5b7"
url = "https://github.com/astral-sh/python-build-standalone/releases/download/20260610/cpython-3.14.6+20260610-x86_64-unknown-linux-gnu-install_only_stripped.tar.gz"
provenance = "github-attestations"

[tools.python."platforms.macos-arm64"]
checksum = "sha256:875516e13be36296f8f7dd0972b22ba3bed069ed08d27d5f0069caf227522921"
url = "https://github.com/astral-sh/python-build-standalone/releases/download/20260610/cpython-3.14.6+20260610-aarch64-apple-darwin-install_only_stripped.tar.gz"
provenance = "github-attestations"

[[tools.uv]]
version = "0.11.25"
backend = "aqua:astral-sh/uv"

[tools.uv."platforms.linux-arm64"]
checksum = "sha256:3d9c9a95f1868ff20ac880712f3a337d710ea4b65f135184b7a35635d1acbf84"
url = "https://github.com/astral-sh/uv/releases/download/0.11.25/uv-aarch64-unknown-linux-musl.tar.gz"
provenance = "github-attestations"

[tools.uv."platforms.linux-x64"]
checksum = "sha256:7195cfcc1785d0c559d4682ad9109f26664b8db4d828d42d66078ef454061891"
url = "https://github.com/astral-sh/uv/releases/download/0.11.25/uv-x86_64-unknown-linux-musl.tar.gz"
provenance = "github-attestations"

[tools.uv."platforms.macos-arm64"]
checksum = "sha256:5fc334bb25d19806262efd1f6e7d380155c7e817d89bf426df4ba7ae873c9471"
url = "https://github.com/astral-sh/uv/releases/download/0.11.25/uv-aarch64-apple-darwin.tar.gz"
provenance = "github-attestations"
